{
  "name": "VeShinantam",
  "version": "unspecified",
  "lockfileVersion": 3,
  "requires": true,
  "packages": {
    "": {
      "name": "VeShinantam",
      "version": "unspecified",
      "workspaces": [
        "packages/VeShinantam-shared",
        "packages/VeShinantam-shared-test",
        "packages/veshinantam",
        "packages/veshinantam-test",
        "packages_imported/skiko-wasm-js/0.9.22-2",
        "packages_imported/skiko-js-wasm-runtime/0.9.22-2",
        "packages_imported/Kotlin-DateTime-library-kotlinx-datetime-wasm-js/0.7.1"
      ],
      "devDependencies": {}
    },
    "node_modules/@js-joda/core": {
      "version": "3.2.0",
      "resolved": "https://registry.npmjs.org/@js-joda/core/-/core-3.2.0.tgz",
      "integrity": "sha512-PMqgJ0sw5B7FKb2d5bWYIoxjri+QlW/Pys7+Rw82jSH0QN3rB05jZ/VrrsUdh1w4+i2kw9JOejXGq/KhDOX7Kg==",
      "license": "BSD-3-Clause"
    },
    "node_modules/Kotlin-DateTime-library-kotlinx-datetime-wasm-js": {
      "resolved": "packages_imported/Kotlin-DateTime-library-kotlinx-datetime-wasm-js/0.7.1",
      "link": true
    },
    "node_modules/skiko-js-wasm-runtime": {
      "resolved": "packages_imported/skiko-js-wasm-runtime/0.9.22-2",
      "link": true
    },
    "node_modules/skiko-wasm-js": {
      "resolved": "packages_imported/skiko-wasm-js/0.9.22-2",
      "link": true
    },
    "node_modules/veshinantam": {
      "resolved": "packages/veshinantam",
      "link": true
    },
    "node_modules/VeShinantam-shared": {
      "resolved": "packages/VeShinantam-shared",
      "link": true
    },
    "node_modules/VeShinantam-shared-test": {
      "resolved": "packages/VeShinantam-shared-test",
      "link": true
    },
    "node_modules/veshinantam-test": {
      "resolved": "packages/veshinantam-test",
      "link": true
    },
    "packages_imported/Kotlin-DateTime-library-kotlinx-datetime-wasm-js/0.7.1": {
      "name": "Kotlin-DateTime-library-kotlinx-datetime-wasm-js",
      "version": "0.7.1",
      "dependencies": {
        "@js-joda/core": "3.2.0"
      },
      "devDependencies": {}
    },
    "packages_imported/skiko-js-wasm-runtime/0.150.1": {
      "name": "skiko-js-wasm-runtime",
      "version": "0.150.1",
      "extraneous": true,
      "devDependencies": {}
    },
    "packages_imported/skiko-js-wasm-runtime/0.9.22-2": {
      "name": "skiko-js-wasm-runtime",
      "version": "0.9.22-2",
      "devDependencies": {}
    },
    "packages_imported/skiko-wasm-js/0.150.1": {
      "name": "skiko-wasm-js",
      "version": "0.150.1",
      "extraneous": true,
      "devDependencies": {}
    },
    "packages_imported/skiko-wasm-js/0.9.22-2": {
      "name": "skiko-wasm-js",
      "version": "0.9.22-2",
      "devDependencies": {}
    },
    "packages/veshinantam": {
      "version": "0.0.0-unspecified",
      "dependencies": {
        "@js-joda/core": "3.2.0"
      },
      "devDependencies": {}
    },
    "packages/VeShinantam-shared": {
      "version": "0.0.0-unspecified",
      "devDependencies": {}
    },
    "packages/VeShinantam-shared-test": {
      "version": "0.0.0-unspecified",
      "devDependencies": {}
    },
    "packages/veshinantam-test": {
      "version": "0.0.0-unspecified",
      "dependencies": {
        "@js-joda/core": "3.2.0"
      },
      "devDependencies": {}
    }
  }
}
